Microsoft Visual Studio Solution File, Format Version 12.00
# Visual Studio Version 17
VisualStudioVersion = 17.9.34622.214
MinimumVisualStudioVersion = 16.0.0.0
Project("{9A19103F-16F7-4668-BE54-9A1E7A4F7556}") = "BepuTerrain.Windows", "BepuTerrain.Windows\BepuTerrain.Windows.csproj", "{23EA3F21-0584-4F95-895A-9124A8FF7720}"
EndProject
Project("{9A19103F-16F7-4668-BE54-9A1E7A4F7556}") = "BepuTerrain", "BepuTerrain\BepuTerrain.csproj", "{6431933F-51C6-4962-A332-C9DDC96E19A4}"
EndProject
Global
	GlobalSection(SolutionConfigurationPlatforms) = preSolution
		Debug|Any CPU = Debug|Any CPU
		Release|Any CPU = Release|Any CPU
	EndGlobalSection
	GlobalSection(ProjectConfigurationPlatforms) = postSolution
		{23EA3F21-0584-4F95-895A-9124A8FF7720}.Debug|Any CPU.ActiveCfg = Debug|Any CPU
		{23EA3F21-0584-4F95-895A-9124A8FF7720}.Debug|Any CPU.Build.0 = Debug|Any CPU
		{23EA3F21-0584-4F95-895A-9124A8FF7720}.Release|Any CPU.ActiveCfg = Release|Any CPU
		{23EA3F21-0584-4F95-895A-9124A8FF7720}.Release|Any CPU.Build.0 = Release|Any CPU
		{6431933F-51C6-4962-A332-C9DDC96E19A4}.Debug|Any CPU.ActiveCfg = Debug|Any CPU
		{6431933F-51C6-4962-A332-C9DDC96E19A4}.Debug|Any CPU.Build.0 = Debug|Any CPU
		{6431933F-51C6-4962-A332-C9DDC96E19A4}.Release|Any CPU.ActiveCfg = Release|Any CPU
		{6431933F-51C6-4962-A332-C9DDC96E19A4}.Release|Any CPU.Build.0 = Release|Any CPU
	EndGlobalSection
	GlobalSection(SolutionProperties) = preSolution
		HideSolutionNode = FALSE
	EndGlobalSection
EndGlobal
